{
    "_readme": [
        "This file locks the dependencies of your project to a known state",
        "Read more about it at http://getcomposer.org/doc/01-basic-usage.md#composer-lock-the-lock-file",
        "This file is @generated automatically"
    ],
    "hash": "40cac22d55a4451330010688e327e47b",
    "packages": [
        {
            "name": "aracoool/dhttp",
            "version": "dev-master",
            "source": {
                "type": "git",
                "url": "https://github.com/ARACOOOL/dHttp.git",
                "reference": "5907580bd32e637673804692f455af955bf17a5d"
            },
            "dist": {
                "type": "zip",
                "url": "https://api.github.com/repos/ARACOOOL/dHttp/zipball/5907580bd32e637673804692f455af955bf17a5d",
                "reference": "5907580bd32e637673804692f455af955bf17a5d",
                "shasum": ""
            },
            "require": {
                "lib-curl": "*",
                "php": ">=5.3.0"
            },
            "require-dev": {
                "phpunit/phpunit": "4.*"
            },
            "suggest": {
                "ext-curl": "*"
            },
            "type": "library",
            "autoload": {
                "psr-0": {
                    "dHttp": ""
                }
            },
            "notification-url": "https://packagist.org/downloads/",
            "license": [
                "Apache 2"
            ],
            "authors": [
                {
                    "name": "Askar Fuzaylov",
                    "email": "tkdforever@gmail.com"
                }
            ],
            "description": "Simple and lightweight HTTP client based cURL",
            "keywords": [
                "curl",
                "http client"
            ],
            "time": "2014-09-23 06:28:37"
        },
        {
            "name": "slim/slim",
            "version": "2.4.3",
            "source": {
                "type": "git",
                "url": "https://github.com/codeguy/Slim.git",
                "reference": "4906b77a07c7bd6ff1a99aea903e940a2d4fa106"
            },
            "dist": {
                "type": "zip",
                "url": "https://api.github.com/repos/codeguy/Slim/zipball/4906b77a07c7bd6ff1a99aea903e940a2d4fa106",
                "reference": "4906b77a07c7bd6ff1a99aea903e940a2d4fa106",
                "shasum": ""
            },
            "require": {
                "php": ">=5.3.0"
            },
            "suggest": {
                "ext-mcrypt": "Required for HTTP cookie encryption"
            },
            "type": "library",
            "autoload": {
                "psr-0": {
                    "Slim": "."
                }
            },
            "notification-url": "https://packagist.org/downloads/",
            "license": [
                "MIT"
            ],
            "authors": [
                {
                    "name": "Josh Lockhart",
                    "email": "info@joshlockhart.com",
                    "homepage": "http://www.joshlockhart.com/"
                }
            ],
            "description": "Slim Framework, a PHP micro framework",
            "homepage": "http://github.com/codeguy/Slim",
            "keywords": [
                "microframework",
                "rest",
                "router"
            ],
            "time": "2014-04-05 18:33:59"
        }
    ],
    "packages-dev": [],
    "aliases": [],
    "minimum-stability": "stable",
    "stability-flags": {
        "aracoool/dhttp": 20
    },
    "prefer-stable": false,
    "platform": [],
    "platform-dev": []
}
